{
  "lockfileVersion": 1,
  "configVersion": 1,
  "workspaces": {
    "": {
      "name": "blitsen-workspace",
    },
    "packages/blitsen": {
      "name": "blitsen",
      "version": "0.1.2",
      "bin": {
        "blitsen": "bin/blitsen.mjs",
      },
      "optionalDependencies": {
        "@blitsen/darwin-arm64": "0.1.2",
        "@blitsen/darwin-x64": "0.1.2",
        "@blitsen/linux-arm64": "0.1.2",
        "@blitsen/linux-x64": "0.1.2",
        "@blitsen/win32-arm64": "0.1.2",
        "@blitsen/win32-x64": "0.1.2",
      },
    },
    "packages/platforms/darwin-arm64": {
      "name": "@blitsen/darwin-arm64",
      "version": "0.1.2",
    },
    "packages/platforms/darwin-x64": {
      "name": "@blitsen/darwin-x64",
      "version": "0.1.2",
    },
    "packages/platforms/linux-arm64": {
      "name": "@blitsen/linux-arm64",
      "version": "0.1.2",
    },
    "packages/platforms/linux-x64": {
      "name": "@blitsen/linux-x64",
      "version": "0.1.2",
    },
    "packages/platforms/win32-arm64": {
      "name": "@blitsen/win32-arm64",
      "version": "0.1.2",
    },
    "packages/platforms/win32-x64": {
      "name": "@blitsen/win32-x64",
      "version": "0.1.2",
    },
  },
  "packages": {
    "@blitsen/darwin-arm64": ["@blitsen/darwin-arm64@workspace:packages/platforms/darwin-arm64"],

    "@blitsen/darwin-x64": ["@blitsen/darwin-x64@workspace:packages/platforms/darwin-x64"],

    "@blitsen/linux-arm64": ["@blitsen/linux-arm64@workspace:packages/platforms/linux-arm64"],

    "@blitsen/linux-x64": ["@blitsen/linux-x64@workspace:packages/platforms/linux-x64"],

    "@blitsen/win32-arm64": ["@blitsen/win32-arm64@workspace:packages/platforms/win32-arm64"],

    "@blitsen/win32-x64": ["@blitsen/win32-x64@workspace:packages/platforms/win32-x64"],

    "blitsen": ["blitsen@workspace:packages/blitsen"],
  }
}
