# This file is automatically @generated by Cargo.
# It is not intended for manual editing.
version = 4

[[package]]
name = "blitsen-core"
version = "0.0.0"
dependencies = [
 "blitsen-dom",
 "blitsen-js",
]

[[package]]
name = "blitsen-dom"
version = "0.0.0"

[[package]]
name = "blitsen-js"
version = "0.0.0"

[[package]]
name = "blitsen-node"
version = "0.0.0"
dependencies = [
 "blitsen-core",
 "blitsen-dom",
 "blitsen-js",
 "blitsen-platform",
]

[[package]]
name = "blitsen-platform"
version = "0.0.0"
